
Microsoft Visual Studio Solution File, Format Version 12.00
# Visual Studio Version 17
VisualStudioVersion = 17.9.34723.18
MinimumVisualStudioVersion = 10.0.40219.1
Project("{FAE04EC0-301F-11D3-BF4B-00C04F79EFBC}") = "test", "test\test.csproj", "{990AEA4B-00D1-41A7-A4B9-55145D7A2474}"
EndProject
Global
	GlobalSection(SolutionConfigurationPlatforms) = preSolution
		Debug|Any CPU = Debug|Any CPU
		Release|Any CPU = Release|Any CPU
	EndGlobalSection
	GlobalSection(ProjectConfigurationPlatforms) = postSolution
		{990AEA4B-00D1-41A7-A4B9-55145D7A2474}.Debug|Any CPU.ActiveCfg = Debug|Any CPU
		{990AEA4B-00D1-41A7-A4B9-55145D7A2474}.Debug|Any CPU.Build.0 = Debug|Any CPU
		{990AEA4B-00D1-41A7-A4B9-55145D7A2474}.Release|Any CPU.ActiveCfg = Release|Any CPU
		{990AEA4B-00D1-41A7-A4B9-55145D7A2474}.Release|Any CPU.Build.0 = Release|Any CPU
	EndGlobalSection
	GlobalSection(SolutionProperties) = preSolution
		HideSolutionNode = FALSE
	EndGlobalSection
	GlobalSection(ExtensibilityGlobals) = postSolution
		SolutionGuid = {83D2FA48-560B-4859-AE0A-AE329C2C2764}
	EndGlobalSection
EndGlobal
